
Microsoft Visual Studio Solution File, Format Version 12.00
# Visual Studio 15
VisualStudioVersion = 15.0.26228.9
MinimumVisualStudioVersion = 10.0.40219.1
Project("{FAE04EC0-301F-11D3-BF4B-00C04F79EFBC}") = "ice_cream", "MVCDemo\ice_cream.csproj", "{2518A390-4E51-445D-A0F5-8F6212A93DE0}"
EndProject
Global
	GlobalSection(SolutionConfigurationPlatforms) = preSolution
		Debug|Any CPU = Debug|Any CPU
		Release|Any CPU = Release|Any CPU
	EndGlobalSection
	GlobalSection(ProjectConfigurationPlatforms) = postSolution
		{2518A390-4E51-445D-A0F5-8F6212A93DE0}.Debug|Any CPU.ActiveCfg = Debug|Any CPU
		{2518A390-4E51-445D-A0F5-8F6212A93DE0}.Debug|Any CPU.Build.0 = Debug|Any CPU
		{2518A390-4E51-445D-A0F5-8F6212A93DE0}.Release|Any CPU.ActiveCfg = Release|Any CPU
		{2518A390-4E51-445D-A0F5-8F6212A93DE0}.Release|Any CPU.Build.0 = Release|Any CPU
	EndGlobalSection
	GlobalSection(SolutionProperties) = preSolution
		HideSolutionNode = FALSE
	EndGlobalSection
	GlobalSection(ExtensibilityGlobals) = postSolution
		SolutionGuid = {3205BA32-61AD-4965-BCF6-B05FF2CBE53F}
	EndGlobalSection
EndGlobal
